{
  "requires": true,
  "lockfileVersion": 1,
  "dependencies": {
    "@vkontakte/vkui": {
      "version": "2.21.3",
      "resolved": "https://registry.npmjs.org/@vkontakte/vkui/-/vkui-2.21.3.tgz",
      "integrity": "sha512-2jJFqNJfiH4bQVCSAQUxY532s7L8ct/2hZRtUVZMuCWkNGucVtJiQ1CgAK3H7OLXrFH+we29armCW7qQM61H6Q=="
    }
  }
}
